
Microsoft Visual Studio Solution File, Format Version 12.00
# Visual Studio 15
VisualStudioVersion = 15.0.25807.0
MinimumVisualStudioVersion = 10.0.40219.1
Project("{2150E333-8FDC-42A3-9474-1A3956D46DE8}") = "Engine", "Engine", "{7B9E677F-C366-448F-8CB0-15AEC9DEFF07}"
EndProject
Project("{2150E333-8FDC-42A3-9474-1A3956D46DE8}") = "Games", "Games", "{43F2790C-B21A-41FB-B9E8-49D8CF4AFD13}"
EndProject
Project("{8BC9CEB8-8B4A-11D0-8D11-00A0C91BC942}") = "CPPNovelGame", "Intermediate\ProjectFiles\CPPNovelGame.vcxproj", "{27FADC6C-9F69-42F1-94DA-15F8A279EFAB}"
EndProject
Project("{8BC9CEB8-8B4A-11D0-8D11-00A0C91BC942}") = "UE4", "Intermediate\ProjectFiles\UE4.vcxproj", "{F9C2F345-06BF-4D27-8A31-8C08F3E6AA9A}"
EndProject
Project("{2150E333-8FDC-42A3-9474-1A3956D46DE8}") = "Visualizers", "Visualizers", "{ED8801A1-D87C-45E6-82D7-0E5485D9F50A}"
	ProjectSection(SolutionItems) = preProject
		..\..\..\Program Files (x86)\Epic Games\UE_4.21\Engine\Extras\VisualStudioDebugging\UE4.natvis = ..\..\..\Program Files (x86)\Epic Games\UE_4.21\Engine\Extras\VisualStudioDebugging\UE4.natvis
	EndProjectSection
EndProject
Global
	GlobalSection(SolutionConfigurationPlatforms) = preSolution
		DebugGame Editor|HTML5 = DebugGame Editor|HTML5
		DebugGame Editor|IOS = DebugGame Editor|IOS
		DebugGame Editor|Win32 = DebugGame Editor|Win32
		DebugGame Editor|Win64 = DebugGame Editor|Win64
		DebugGame|HTML5 = DebugGame|HTML5
		DebugGame|IOS = DebugGame|IOS
		DebugGame|Win32 = DebugGame|Win32
		DebugGame|Win64 = DebugGame|Win64
		Development Editor|HTML5 = Development Editor|HTML5
		Development Editor|IOS = Development Editor|IOS
		Development Editor|Win32 = Development Editor|Win32
		Development Editor|Win64 = Development Editor|Win64
		Development|HTML5 = Development|HTML5
		Development|IOS = Development|IOS
		Development|Win32 = Development|Win32
		Development|Win64 = Development|Win64
		Shipping|HTML5 = Shipping|HTML5
		Shipping|IOS = Shipping|IOS
		Shipping|Win32 = Shipping|Win32
		Shipping|Win64 = Shipping|Win64
	EndGlobalSection
	GlobalSection(ProjectConfigurationPlatforms) = postSolution
		{27FADC6C-9F69-42F1-94DA-15F8A279EFAB}.DebugGame Editor|HTML5.ActiveCfg = Invalid|Win32
		{27FADC6C-9F69-42F1-94DA-15F8A279EFAB}.DebugGame Editor|IOS.ActiveCfg = Invalid|Win32
		{27FADC6C-9F69-42F1-94DA-15F8A279EFAB}.DebugGame Editor|Win32.ActiveCfg = Invalid|Win32
		{27FADC6C-9F69-42F1-94DA-15F8A279EFAB}.DebugGame Editor|Win64.ActiveCfg = DebugGame_Editor|x64
		{27FADC6C-9F69-42F1-94DA-15F8A279EFAB}.DebugGame Editor|Win64.Build.0 = DebugGame_Editor|x64
		{27FADC6C-9F69-42F1-94DA-15F8A279EFAB}.DebugGame|HTML5.ActiveCfg = HTML5_DebugGame|Win32
		{27FADC6C-9F69-42F1-94DA-15F8A279EFAB}.DebugGame|HTML5.Build.0 = HTML5_DebugGame|Win32
		{27FADC6C-9F69-42F1-94DA-15F8A279EFAB}.DebugGame|IOS.ActiveCfg = IOS_DebugGame|Win32
		{27FADC6C-9F69-42F1-94DA-15F8A279EFAB}.DebugGame|IOS.Build.0 = IOS_DebugGame|Win32
		{27FADC6C-9F69-42F1-94DA-15F8A279EFAB}.DebugGame|Win32.ActiveCfg = DebugGame|Win32
		{27FADC6C-9F69-42F1-94DA-15F8A279EFAB}.DebugGame|Win32.Build.0 = DebugGame|Win32
		{27FADC6C-9F69-42F1-94DA-15F8A279EFAB}.DebugGame|Win64.ActiveCfg = DebugGame|x64
		{27FADC6C-9F69-42F1-94DA-15F8A279EFAB}.DebugGame|Win64.Build.0 = DebugGame|x64
		{27FADC6C-9F69-42F1-94DA-15F8A279EFAB}.Development Editor|HTML5.ActiveCfg = Invalid|Win32
		{27FADC6C-9F69-42F1-94DA-15F8A279EFAB}.Development Editor|IOS.ActiveCfg = Invalid|Win32
		{27FADC6C-9F69-42F1-94DA-15F8A279EFAB}.Development Editor|Win32.ActiveCfg = Invalid|Win32
		{27FADC6C-9F69-42F1-94DA-15F8A279EFAB}.Development Editor|Win64.ActiveCfg = Development_Editor|x64
		{27FADC6C-9F69-42F1-94DA-15F8A279EFAB}.Development Editor|Win64.Build.0 = Development_Editor|x64
		{27FADC6C-9F69-42F1-94DA-15F8A279EFAB}.Development|HTML5.ActiveCfg = HTML5_Development|Win32
		{27FADC6C-9F69-42F1-94DA-15F8A279EFAB}.Development|HTML5.Build.0 = HTML5_Development|Win32
		{27FADC6C-9F69-42F1-94DA-15F8A279EFAB}.Development|IOS.ActiveCfg = IOS_Development|Win32
		{27FADC6C-9F69-42F1-94DA-15F8A279EFAB}.Development|IOS.Build.0 = IOS_Development|Win32
		{27FADC6C-9F69-42F1-94DA-15F8A279EFAB}.Development|Win32.ActiveCfg = Development|Win32
		{27FADC6C-9F69-42F1-94DA-15F8A279EFAB}.Development|Win32.Build.0 = Development|Win32
		{27FADC6C-9F69-42F1-94DA-15F8A279EFAB}.Development|Win64.ActiveCfg = Development|x64
		{27FADC6C-9F69-42F1-94DA-15F8A279EFAB}.Development|Win64.Build.0 = Development|x64
		{27FADC6C-9F69-42F1-94DA-15F8A279EFAB}.Shipping|HTML5.ActiveCfg = HTML5_Shipping|Win32
		{27FADC6C-9F69-42F1-94DA-15F8A279EFAB}.Shipping|HTML5.Build.0 = HTML5_Shipping|Win32
		{27FADC6C-9F69-42F1-94DA-15F8A279EFAB}.Shipping|IOS.ActiveCfg = IOS_Shipping|Win32
		{27FADC6C-9F69-42F1-94DA-15F8A279EFAB}.Shipping|IOS.Build.0 = IOS_Shipping|Win32
		{27FADC6C-9F69-42F1-94DA-15F8A279EFAB}.Shipping|Win32.ActiveCfg = Shipping|Win32
		{27FADC6C-9F69-42F1-94DA-15F8A279EFAB}.Shipping|Win32.Build.0 = Shipping|Win32
		{27FADC6C-9F69-42F1-94DA-15F8A279EFAB}.Shipping|Win64.ActiveCfg = Shipping|x64
		{27FADC6C-9F69-42F1-94DA-15F8A279EFAB}.Shipping|Win64.Build.0 = Shipping|x64
		{F9C2F345-06BF-4D27-8A31-8C08F3E6AA9A}.DebugGame Editor|HTML5.ActiveCfg = BuiltWithUnrealBuildTool|Win32
		{F9C2F345-06BF-4D27-8A31-8C08F3E6AA9A}.DebugGame Editor|IOS.ActiveCfg = BuiltWithUnrealBuildTool|Win32
		{F9C2F345-06BF-4D27-8A31-8C08F3E6AA9A}.DebugGame Editor|Win32.ActiveCfg = BuiltWithUnrealBuildTool|Win32
		{F9C2F345-06BF-4D27-8A31-8C08F3E6AA9A}.DebugGame Editor|Win64.ActiveCfg = BuiltWithUnrealBuildTool|Win32
		{F9C2F345-06BF-4D27-8A31-8C08F3E6AA9A}.DebugGame|HTML5.ActiveCfg = BuiltWithUnrealBuildTool|Win32
		{F9C2F345-06BF-4D27-8A31-8C08F3E6AA9A}.DebugGame|IOS.ActiveCfg = BuiltWithUnrealBuildTool|Win32
		{F9C2F345-06BF-4D27-8A31-8C08F3E6AA9A}.DebugGame|Win32.ActiveCfg = BuiltWithUnrealBuildTool|Win32
		{F9C2F345-06BF-4D27-8A31-8C08F3E6AA9A}.DebugGame|Win64.ActiveCfg = BuiltWithUnrealBuildTool|Win32
		{F9C2F345-06BF-4D27-8A31-8C08F3E6AA9A}.Development Editor|HTML5.ActiveCfg = BuiltWithUnrealBuildTool|Win32
		{F9C2F345-06BF-4D27-8A31-8C08F3E6AA9A}.Development Editor|IOS.ActiveCfg = BuiltWithUnrealBuildTool|Win32
		{F9C2F345-06BF-4D27-8A31-8C08F3E6AA9A}.Development Editor|Win32.ActiveCfg = BuiltWithUnrealBuildTool|Win32
		{F9C2F345-06BF-4D27-8A31-8C08F3E6AA9A}.Development Editor|Win64.ActiveCfg = BuiltWithUnrealBuildTool|Win32
		{F9C2F345-06BF-4D27-8A31-8C08F3E6AA9A}.Development|HTML5.ActiveCfg = BuiltWithUnrealBuildTool|Win32
		{F9C2F345-06BF-4D27-8A31-8C08F3E6AA9A}.Development|IOS.ActiveCfg = BuiltWithUnrealBuildTool|Win32
		{F9C2F345-06BF-4D27-8A31-8C08F3E6AA9A}.Development|Win32.ActiveCfg = BuiltWithUnrealBuildTool|Win32
		{F9C2F345-06BF-4D27-8A31-8C08F3E6AA9A}.Development|Win64.ActiveCfg = BuiltWithUnrealBuildTool|Win32
		{F9C2F345-06BF-4D27-8A31-8C08F3E6AA9A}.Shipping|HTML5.ActiveCfg = BuiltWithUnrealBuildTool|Win32
		{F9C2F345-06BF-4D27-8A31-8C08F3E6AA9A}.Shipping|IOS.ActiveCfg = BuiltWithUnrealBuildTool|Win32
		{F9C2F345-06BF-4D27-8A31-8C08F3E6AA9A}.Shipping|Win32.ActiveCfg = BuiltWithUnrealBuildTool|Win32
		{F9C2F345-06BF-4D27-8A31-8C08F3E6AA9A}.Shipping|Win64.ActiveCfg = BuiltWithUnrealBuildTool|Win32
	EndGlobalSection
	GlobalSection(SolutionProperties) = preSolution
		HideSolutionNode = FALSE
	EndGlobalSection
	GlobalSection(NestedProjects) = preSolution
		{F9C2F345-06BF-4D27-8A31-8C08F3E6AA9A} = {7B9E677F-C366-448F-8CB0-15AEC9DEFF07}
		{27FADC6C-9F69-42F1-94DA-15F8A279EFAB} = {43F2790C-B21A-41FB-B9E8-49D8CF4AFD13}
	EndGlobalSection
EndGlobal
